// !$*UTF8*$!
{
	archiveVersion = 1;
	classes = {
	};
	objectVersion = 55;
	objects = {

/* Begin PBXBuildFile section */
		29EEEE832874220B0096278E /* lesson6App.swift in Sources */ = {isa = PBXBuildFile; fileRef = 29EEEE822874220B0096278E /* lesson6App.swift */; };
		29EEEE852874220B0096278E /* ContentView.swift in Sources */ = {isa = PBXBuildFile; fileRef = 29EEEE842874220B0096278E /* ContentView.swift */; };
		29EEEE872874220F0096278E /* Assets.xcassets in Resources */ = {isa = PBXBuildFile; fileRef = 29EEEE862874220F0096278E /* Assets.xcassets */; };
		29EEEE8A2874220F0096278E /* Preview Assets.xcassets in Resources */ = {isa = PBXBuildFile; fileRef = 29EEEE892874220F0096278E /* Preview Assets.xcassets */; };
		29EEEE942874220F0096278E /* lesson6Tests.swift in Sources */ = {isa = PBXBuildFile; fileRef = 29EEEE932874220F0096278E /* lesson6Tests.swift */; };
		29EEEE9E2874220F0096278E /* lesson6UITests.swift in Sources */ = {isa = PBXBuildFile; fileRef = 29EEEE9D2874220F0096278E /* lesson6UITests.swift */; };
		29EEEEA02874220F0096278E /* lesson6UITestsLaunchTests.swift in Sources */ = {isa = PBXBuildFile; fileRef = 29EEEE9F2874220F0096278E /* lesson6UITestsLaunchTests.swift */; };
/* End PBXBuildFile section */

/* Begin PBXContainerItemProxy section */
		29EEEE902874220F0096278E /* PBXContainerItemProxy */ = {
			isa = PBXContainerItemProxy;
			containerPortal = 29EEEE772874220B0096278E /* Project object */;
			proxyType = 1;
			remoteGlobalIDString = 29EEEE7E2874220B0096278E;
			remoteInfo = lesson6;
		};
		29EEEE9A2874220F0096278E /* PBXContainerItemProxy */ = {
			isa = PBXContainerItemProxy;
			containerPortal = 29EEEE772874220B0096278E /* Project object */;
			proxyType = 1;
			remoteGlobalIDString = 29EEEE7E2874220B0096278E;
			remoteInfo = lesson6;
		};
/* End PBXContainerItemProxy section */

/* Begin PBXFileReference section */
		29EEEE7F2874220B0096278E /* lesson6.app */ = {isa = PBXFileReference; explicitFileType = wrapper.application; includeInIndex = 0; path = lesson6.app; sourceTree = BUILT_PRODUCTS_DIR; };
		29EEEE822874220B0096278E /* lesson6App.swift */ = {isa = PBXFileReference; lastKnownFileType = sourcecode.swift; path = lesson6App.swift; sourceTree = "<group>"; };
		29EEEE842874220B0096278E /* ContentView.swift */ = {isa = PBXFileReference; lastKnownFileType = sourcecode.swift; path = ContentView.swift; sourceTree = "<group>"; };
		29EEEE862874220F0096278E /* Assets.xcassets */ = {isa = PBXFileReference; lastKnownFileType = folder.assetcatalog; path = Assets.xcassets; sourceTree = "<group>"; };
		29EEEE892874220F0096278E /* Preview Assets.xcassets */ = {isa = PBXFileReference; lastKnownFileType = folder.assetcatalog; path = "Preview Assets.xcassets"; sourceTree = "<group>"; };
		29EEEE8F2874220F0096278E /* lesson6Tests.xctest */ = {isa = PBXFileReference; explicitFileType = wrapper.cfbundle; includeInIndex = 0; path = lesson6Tests.xctest; sourceTree = BUILT_PRODUCTS_DIR; };
		29EEEE932874220F0096278E /* lesson6Tests.swift */ = {isa = PBXFileReference; lastKnownFileType = sourcecode.swift; path = lesson6Tests.swift; sourceTree = "<group>"; };
		29EEEE992874220F0096278E /* lesson6UITests.xctest */ = {isa = PBXFileReference; explicitFileType = wrapper.cfbundle; includeInIndex = 0; path = lesson6UITests.xctest; sourceTree = BUILT_PRODUCTS_DIR; };
		29EEEE9D2874220F0096278E /* lesson6UITests.swift */ = {isa = PBXFileReference; lastKnownFileType = sourcecode.swift; path = lesson6UITests.swift; sourceTree = "<group>"; };
		29EEEE9F2874220F0096278E /* lesson6UITestsLaunchTests.swift */ = {isa = PBXFileReference; lastKnownFileType = sourcecode.swift; path = lesson6UITestsLaunchTests.swift; sourceTree = "<group>"; };
/* End PBXFileReference section */

/* Begin PBXFrameworksBuildPhase section */
		29EEEE7C2874220B0096278E /* Frameworks */ = {
			isa = PBXFrameworksBuildPhase;
			buildActionMask = 2147483647;
			files = (
			);
			runOnlyForDeploymentPostprocessing = 0;
		};
		29EEEE8C2874220F0096278E /* Frameworks */ = {
			isa = PBXFrameworksBuildPhase;
			buildActionMask = 2147483647;
			files = (
			);
			runOnlyForDeploymentPostprocessing = 0;
		};
		29EEEE962874220F0096278E /* Frameworks */ = {
			isa = PBXFrameworksBuildPhase;
			buildActionMask = 2147483647;
			files = (
			);
			runOnlyForDeploymentPostprocessing = 0;
		};
/* End PBXFrameworksBuildPhase section */

/* Begin PBXGroup section */
		29EEEE762874220B0096278E = {
			isa = PBXGroup;
			children = (
				29EEEE812874220B0096278E /* lesson6 */,
				29EEEE922874220F0096278E /* lesson6Tests */,
				29EEEE9C2874220F0096278E /* lesson6UITests */,
				29EEEE802874220B0096278E /* Products */,
			);
			sourceTree = "<group>";
		};
		29EEEE802874220B0096278E /* Products */ = {
			isa = PBXGroup;
			children = (
				29EEEE7F2874220B0096278E /* lesson6.app */,
				29EEEE8F2874220F0096278E /* lesson6Tests.xctest */,
				29EEEE992874220F0096278E /* lesson6UITests.xctest */,
			);
			name = Products;
			sourceTree = "<group>";
		};
		29EEEE812874220B0096278E /* lesson6 */ = {
			isa = PBXGroup;
			children = (
				29EEEE822874220B0096278E /* lesson6App.swift */,
				29EEEE842874220B0096278E /* ContentView.swift */,
				29EEEE862874220F0096278E /* Assets.xcassets */,
				29EEEE882874220F0096278E /* Preview Content */,
			);
			path = lesson6;
			sourceTree = "<group>";
		};
		29EEEE882874220F0096278E /* Preview Content */ = {
			isa = PBXGroup;
			children = (
				29EEEE892874220F0096278E /* Preview Assets.xcassets */,
			);
			path = "Preview Content";
			sourceTree = "<group>";
		};
		29EEEE922874220F0096278E /* lesson6Tests */ = {
			isa = PBXGroup;
			children = (
				29EEEE932874220F0096278E /* lesson6Tests.swift */,
			);
			path = lesson6Tests;
			sourceTree = "<group>";
		};
		29EEEE9C2874220F0096278E /* lesson6UITests */ = {
			isa = PBXGroup;
			children = (
				29EEEE9D2874220F0096278E /* lesson6UITests.swift */,
				29EEEE9F2874220F0096278E /* lesson6UITestsLaunchTests.swift */,
			);
			path = lesson6UITests;
			sourceTree = "<group>";
		};
/* End PBXGroup section */

/* Begin PBXNativeTarget section */
		29EEEE7E2874220B0096278E /* lesson6 */ = {
			isa = PBXNativeTarget;
			buildConfigurationList = 29EEEEA32874220F0096278E /* Build configuration list for PBXNativeTarget "lesson6" */;
			buildPhases = (
				29EEEE7B2874220B0096278E /* Sources */,
				29EEEE7C2874220B0096278E /* Frameworks */,
				29EEEE7D2874220B0096278E /* Resources */,
			);
			buildRules = (
			);
			dependencies = (
			);
			name = lesson6;
			productName = lesson6;
			productReference = 29EEEE7F2874220B0096278E /* lesson6.app */;
			productType = "com.apple.product-type.application";
		};
		29EEEE8E2874220F0096278E /* lesson6Tests */ = {
			isa = PBXNativeTarget;
			buildConfigurationList = 29EEEEA62874220F0096278E /* Build configuration list for PBXNativeTarget "lesson6Tests" */;
			buildPhases = (
				29EEEE8B2874220F0096278E /* Sources */,
				29EEEE8C2874220F0096278E /* Frameworks */,
				29EEEE8D2874220F0096278E /* Resources */,
			);
			buildRules = (
			);
			dependencies = (
				29EEEE912874220F0096278E /* PBXTargetDependency */,
			);
			name = lesson6Tests;
			productName = lesson6Tests;
			productReference = 29EEEE8F2874220F0096278E /* lesson6Tests.xctest */;
			productType = "com.apple.product-type.bundle.unit-test";
		};
		29EEEE982874220F0096278E /* lesson6UITests */ = {
			isa = PBXNativeTarget;
			buildConfigurationList = 29EEEEA92874220F0096278E /* Build configuration list for PBXNativeTarget "lesson6UITests" */;
			buildPhases = (
				29EEEE952874220F0096278E /* Sources */,
				29EEEE962874220F0096278E /* Frameworks */,
				29EEEE972874220F0096278E /* Resources */,
			);
			buildRules = (
			);
			dependencies = (
				29EEEE9B2874220F0096278E /* PBXTargetDependency */,
			);
			name = lesson6UITests;
			productName = lesson6UITests;
			productReference = 29EEEE992874220F0096278E /* lesson6UITests.xctest */;
			productType = "com.apple.product-type.bundle.ui-testing";
		};
/* End PBXNativeTarget section */

/* Begin PBXProject section */
		29EEEE772874220B0096278E /* Project object */ = {
			isa = PBXProject;
			attributes = {
				BuildIndependentTargetsInParallel = 1;
				LastSwiftUpdateCheck = 1340;
				LastUpgradeCheck = 1340;
				TargetAttributes = {
					29EEEE7E2874220B0096278E = {
						CreatedOnToolsVersion = 13.4.1;
					};
					29EEEE8E2874220F0096278E = {
						CreatedOnToolsVersion = 13.4.1;
						TestTargetID = 29EEEE7E2874220B0096278E;
					};
					29EEEE982874220F0096278E = {
						CreatedOnToolsVersion = 13.4.1;
						TestTargetID = 29EEEE7E2874220B0096278E;
					};
				};
			};
			buildConfigurationList = 29EEEE7A2874220B0096278E /* Build configuration list for PBXProject "lesson6" */;
			compatibilityVersion = "Xcode 13.0";
			developmentRegion = en;
			hasScannedForEncodings = 0;
			knownRegions = (
				en,
				Base,
			);
			mainGroup = 29EEEE762874220B0096278E;
			productRefGroup = 29EEEE802874220B0096278E /* Products */;
			projectDirPath = "";
			projectRoot = "";
			targets = (
				29EEEE7E2874220B0096278E /* lesson6 */,
				29EEEE8E2874220F0096278E /* lesson6Tests */,
				29EEEE982874220F0096278E /* lesson6UITests */,
			);
		};
/* End PBXProject section */

/* Begin PBXResourcesBuildPhase section */
		29EEEE7D2874220B0096278E /* Resources */ = {
			isa = PBXResourcesBuildPhase;
			buildActionMask = 2147483647;
			files = (
				29EEEE8A2874220F0096278E /* Preview Assets.xcassets in Resources */,
				29EEEE872874220F0096278E /* Assets.xcassets in Resources */,
			);
			runOnlyForDeploymentPostprocessing = 0;
		};
		29EEEE8D2874220F0096278E /* Resources */ = {
			isa = PBXResourcesBuildPhase;
			buildActionMask = 2147483647;
			files = (
			);
			runOnlyForDeploymentPostprocessing = 0;
		};
		29EEEE972874220F0096278E /* Resources */ = {
			isa = PBXResourcesBuildPhase;
			buildActionMask = 2147483647;
			files = (
			);
			runOnlyForDeploymentPostprocessing = 0;
		};
/* End PBXResourcesBuildPhase section */

/* Begin PBXSourcesBuildPhase section */
		29EEEE7B2874220B0096278E /* Sources */ = {
			isa = PBXSourcesBuildPhase;
			buildActionMask = 2147483647;
			files = (
				29EEEE852874220B0096278E /* ContentView.swift in Sources */,
				29EEEE832874220B0096278E /* lesson6App.swift in Sources */,
			);
			runOnlyForDeploymentPostprocessing = 0;
		};
		29EEEE8B2874220F0096278E /* Sources */ = {
			isa = PBXSourcesBuildPhase;
			buildActionMask = 2147483647;
			files = (
				29EEEE942874220F0096278E /* lesson6Tests.swift in Sources */,
			);
			runOnlyForDeploymentPostprocessing = 0;
		};
		29EEEE952874220F0096278E /* Sources */ = {
			isa = PBXSourcesBuildPhase;
			buildActionMask = 2147483647;
			files = (
				29EEEE9E2874220F0096278E /* lesson6UITests.swift in Sources */,
				29EEEEA02874220F0096278E /* lesson6UITestsLaunchTests.swift in Sources */,
			);
			runOnlyForDeploymentPostprocessing = 0;
		};
/* End PBXSourcesBuildPhase section */

/* Begin PBXTargetDependency section */
		29EEEE912874220F0096278E /* PBXTargetDependency */ = {
			isa = PBXTargetDependency;
			target = 29EEEE7E2874220B0096278E /* lesson6 */;
			targetProxy = 29EEEE902874220F0096278E /* PBXContainerItemProxy */;
		};
		29EEEE9B2874220F0096278E /* PBXTargetDependency */ = {
			isa = PBXTargetDependency;
			target = 29EEEE7E2874220B0096278E /* lesson6 */;
			targetProxy = 29EEEE9A2874220F0096278E /* PBXContainerItemProxy */;
		};
/* End PBXTargetDependency section */

/* Begin XCBuildConfiguration section */
		29EEEEA12874220F0096278E /* Debug */ = {
			isa = XCBuildConfiguration;
			buildSettings = {
				ALWAYS_SEARCH_USER_PATHS = NO;
				CLANG_ANALYZER_NONNULL = YES;
				CLANG_ANALYZER_NUMBER_OBJECT_CONVERSION = YES_AGGRESSIVE;
				CLANG_CXX_LANGUAGE_STANDARD = "gnu++17";
				CLANG_ENABLE_MODULES = YES;
				CLANG_ENABLE_OBJC_ARC = YES;
				CLANG_ENABLE_OBJC_WEAK = YES;
				CLANG_WARN_BLOCK_CAPTURE_AUTORELEASING = YES;
				CLANG_WARN_BOOL_CONVERSION = YES;
				CLANG_WARN_COMMA = YES;
				CLANG_WARN_CONSTANT_CONVERSION = YES;
				CLANG_WARN_DEPRECATED_OBJC_IMPLEMENTATIONS = YES;
				CLANG_WARN_DIRECT_OBJC_ISA_USAGE = YES_ERROR;
				CLANG_WARN_DOCUMENTATION_COMMENTS = YES;
				CLANG_WARN_EMPTY_BODY = YES;
				CLANG_WARN_ENUM_CONVERSION = YES;
				CLANG_WARN_INFINITE_RECURSION = YES;
				CLANG_WARN_INT_CONVERSION = YES;
				CLANG_WARN_NON_LITERAL_NULL_CONVERSION = YES;
				CLANG_WARN_OBJC_IMPLICIT_RETAIN_SELF = YES;
				CLANG_WARN_OBJC_LITERAL_CONVERSION = YES;
				CLANG_WARN_OBJC_ROOT_CLASS = YES_ERROR;
				CLANG_WARN_QUOTED_INCLUDE_IN_FRAMEWORK_HEADER = YES;
				CLANG_WARN_RANGE_LOOP_ANALYSIS = YES;
				CLANG_WARN_STRICT_PROTOTYPES = YES;
				CLANG_WARN_SUSPICIOUS_MOVE = YES;
				CLANG_WARN_UNGUARDED_AVAILABILITY = YES_AGGRESSIVE;
				CLANG_WARN_UNREACHABLE_CODE = YES;
				CLANG_WARN__DUPLICATE_METHOD_MATCH = YES;
				COPY_PHASE_STRIP = NO;
				DEBUG_INFORMATION_FORMAT = dwarf;
				ENABLE_STRICT_OBJC_MSGSEND = YES;
				ENABLE_TESTABILITY = YES;
				GCC_C_LANGUAGE_STANDARD = gnu11;
				GCC_DYNAMIC_NO_PIC = NO;
				GCC_NO_COMMON_BLOCKS = YES;
				GCC_OPTIMIZATION_LEVEL = 0;
				GCC_PREPROCESSOR_DEFINITIONS = (
					"DEBUG=1",
					"$(inherited)",
				);
				GCC_WARN_64_TO_32_BIT_CONVERSION = YES;
				GCC_WARN_ABOUT_RETURN_TYPE = YES_ERROR;
				GCC_WARN_UNDECLARED_SELECTOR = YES;
				GCC_WARN_UNINITIALIZED_AUTOS = YES_AGGRESSIVE;
				GCC_WARN_UNUSED_FUNCTION = YES;
				GCC_WARN_UNUSED_VARIABLE = YES;
				IPHONEOS_DEPLOYMENT_TARGET = 15.5;
				MTL_ENABLE_DEBUG_INFO = INCLUDE_SOURCE;
				MTL_FAST_MATH = YES;
				ONLY_ACTIVE_ARCH = YES;
				SDKROOT = iphoneos;
				SWIFT_ACTIVE_COMPILATION_CONDITIONS = DEBUG;
				SWIFT_OPTIMIZATION_LEVEL = "-Onone";
			};
			name = Debug;
		};
		29EEEEA22874220F0096278E /* Release */ = {
			isa = XCBuildConfiguration;
			buildSettings = {
				ALWAYS_SEARCH_USER_PATHS = NO;
				CLANG_ANALYZER_NONNULL = YES;
				CLANG_ANALYZER_NUMBER_OBJECT_CONVERSION = YES_AGGRESSIVE;
				CLANG_CXX_LANGUAGE_STANDARD = "gnu++17";
				CLANG_ENABLE_MODULES = YES;
				CLANG_ENABLE_OBJC_ARC = YES;
				CLANG_ENABLE_OBJC_WEAK = YES;
				CLANG_WARN_BLOCK_CAPTURE_AUTORELEASING = YES;
				CLANG_WARN_BOOL_CONVERSION = YES;
				CLANG_WARN_COMMA = YES;
				CLANG_WARN_CONSTANT_CONVERSION = YES;
				CLANG_WARN_DEPRECATED_OBJC_IMPLEMENTATIONS = YES;
				CLANG_WARN_DIRECT_OBJC_ISA_USAGE = YES_ERROR;
				CLANG_WARN_DOCUMENTATION_COMMENTS = YES;
				CLANG_WARN_EMPTY_BODY = YES;
				CLANG_WARN_ENUM_CONVERSION = YES;
				CLANG_WARN_INFINITE_RECURSION = YES;
				CLANG_WARN_INT_CONVERSION = YES;
				CLANG_WARN_NON_LITERAL_NULL_CONVERSION = YES;
				CLANG_WARN_OBJC_IMPLICIT_RETAIN_SELF = YES;
				CLANG_WARN_OBJC_LITERAL_CONVERSION = YES;
				CLANG_WARN_OBJC_ROOT_CLASS = YES_ERROR;
				CLANG_WARN_QUOTED_INCLUDE_IN_FRAMEWORK_HEADER = YES;
				CLANG_WARN_RANGE_LOOP_ANALYSIS = YES;
				CLANG_WARN_STRICT_PROTOTYPES = YES;
				CLANG_WARN_SUSPICIOUS_MOVE = YES;
				CLANG_WARN_UNGUARDED_AVAILABILITY = YES_AGGRESSIVE;
				CLANG_WARN_UNREACHABLE_CODE = YES;
				CLANG_WARN__DUPLICATE_METHOD_MATCH = YES;
				COPY_PHASE_STRIP = NO;
				DEBUG_INFORMATION_FORMAT = "dwarf-with-dsym";
				ENABLE_NS_ASSERTIONS = NO;
				ENABLE_STRICT_OBJC_MSGSEND = YES;
				GCC_C_LANGUAGE_STANDARD = gnu11;
				GCC_NO_COMMON_BLOCKS = YES;
				GCC_WARN_64_TO_32_BIT_CONVERSION = YES;
				GCC_WARN_ABOUT_RETURN_TYPE = YES_ERROR;
				GCC_WARN_UNDECLARED_SELECTOR = YES;
				GCC_WARN_UNINITIALIZED_AUTOS = YES_AGGRESSIVE;
				GCC_WARN_UNUSED_FUNCTION = YES;
				GCC_WARN_UNUSED_VARIABLE = YES;
				IPHONEOS_DEPLOYMENT_TARGET = 15.5;
				MTL_ENABLE_DEBUG_INFO = NO;
				MTL_FAST_MATH = YES;
				SDKROOT = iphoneos;
				SWIFT_COMPILATION_MODE = wholemodule;
				SWIFT_OPTIMIZATION_LEVEL = "-O";
				VALIDATE_PRODUCT = YES;
			};
			name = Release;
		};
		29EEEEA42874220F0096278E /* Debug */ = {
			isa = XCBuildConfiguration;
			buildSettings = {
				ASSETCATALOG_COMPILER_APPICON_NAME = AppIcon;
				ASSETCATALOG_COMPILER_GLOBAL_ACCENT_COLOR_NAME = AccentColor;
				CODE_SIGN_STYLE = Automatic;
				CURRENT_PROJECT_VERSION = 1;
				DEVELOPMENT_ASSET_PATHS = "\"lesson6/Preview Content\"";
				ENABLE_PREVIEWS = YES;
				GENERATE_INFOPLIST_FILE = YES;
				INFOPLIST_KEY_UIApplicationSceneManifest_Generation = YES;
				INFOPLIST_KEY_UIApplicationSupportsIndirectInputEvents = YES;
				INFOPLIST_KEY_UILaunchScreen_Generation = YES;
				INFOPLIST_KEY_UISupportedInterfaceOrientations_iPad = "UIInterfaceOrientationPortrait UIInterfaceOrientationPortraitUpsideDown UIInterfaceOrientationLandscapeLeft UIInterfaceOrientationLandscapeRight";
				INFOPLIST_KEY_UISupportedInterfaceOrientations_iPhone = "UIInterfaceOrientationPortrait UIInterfaceOrientationLandscapeLeft UIInterfaceOrientationLandscapeRight";
				LD_RUNPATH_SEARCH_PATHS = (
					"$(inherited)",
					"@executable_path/Frameworks",
				);
				MARKETING_VERSION = 1.0;
				PRODUCT_BUNDLE_IDENTIFIER = Maksymilian.lesson6;
				PRODUCT_NAME = "$(TARGET_NAME)";
				SWIFT_EMIT_LOC_STRINGS = YES;
				SWIFT_VERSION = 5.0;
				TARGETED_DEVICE_FAMILY = "1,2";
			};
			name = Debug;
		};
		29EEEEA52874220F0096278E /* Release */ = {
			isa = XCBuildConfiguration;
			buildSettings = {
				ASSETCATALOG_COMPILER_APPICON_NAME = AppIcon;
				ASSETCATALOG_COMPILER_GLOBAL_ACCENT_COLOR_NAME = AccentColor;
				CODE_SIGN_STYLE = Automatic;
				CURRENT_PROJECT_VERSION = 1;
				DEVELOPMENT_ASSET_PATHS = "\"lesson6/Preview Content\"";
				ENABLE_PREVIEWS = YES;
				GENERATE_INFOPLIST_FILE = YES;
				INFOPLIST_KEY_UIApplicationSceneManifest_Generation = YES;
				INFOPLIST_KEY_UIApplicationSupportsIndirectInputEvents = YES;
				INFOPLIST_KEY_UILaunchScreen_Generation = YES;
				INFOPLIST_KEY_UISupportedInterfaceOrientations_iPad = "UIInterfaceOrientationPortrait UIInterfaceOrientationPortraitUpsideDown UIInterfaceOrientationLandscapeLeft UIInterfaceOrientationLandscapeRight";
				INFOPLIST_KEY_UISupportedInterfaceOrientations_iPhone = "UIInterfaceOrientationPortrait UIInterfaceOrientationLandscapeLeft UIInterfaceOrientationLandscapeRight";
				LD_RUNPATH_SEARCH_PATHS = (
					"$(inherited)",
					"@executable_path/Frameworks",
				);
				MARKETING_VERSION = 1.0;
				PRODUCT_BUNDLE_IDENTIFIER = Maksymilian.lesson6;
				PRODUCT_NAME = "$(TARGET_NAME)";
				SWIFT_EMIT_LOC_STRINGS = YES;
				SWIFT_VERSION = 5.0;
				TARGETED_DEVICE_FAMILY = "1,2";
			};
			name = Release;
		};
		29EEEEA72874220F0096278E /* Debug */ = {
			isa = XCBuildConfiguration;
			buildSettings = {
				ALWAYS_EMBED_SWIFT_STANDARD_LIBRARIES = YES;
				BUNDLE_LOADER = "$(TEST_HOST)";
				CODE_SIGN_STYLE = Automatic;
				CURRENT_PROJECT_VERSION = 1;
				GENERATE_INFOPLIST_FILE = YES;
				IPHONEOS_DEPLOYMENT_TARGET = 15.5;
				MARKETING_VERSION = 1.0;
				PRODUCT_BUNDLE_IDENTIFIER = Maksymilian.lesson6Tests;
				PRODUCT_NAME = "$(TARGET_NAME)";
				SWIFT_EMIT_LOC_STRINGS = NO;
				SWIFT_VERSION = 5.0;
				TARGETED_DEVICE_FAMILY = "1,2";
				TEST_HOST = "$(BUILT_PRODUCTS_DIR)/lesson6.app/lesson6";
			};
			name = Debug;
		};
		29EEEEA82874220F0096278E /* Release */ = {
			isa = XCBuildConfiguration;
			buildSettings = {
				ALWAYS_EMBED_SWIFT_STANDARD_LIBRARIES = YES;
				BUNDLE_LOADER = "$(TEST_HOST)";
				CODE_SIGN_STYLE = Automatic;
				CURRENT_PROJECT_VERSION = 1;
				GENERATE_INFOPLIST_FILE = YES;
				IPHONEOS_DEPLOYMENT_TARGET = 15.5;
				MARKETING_VERSION = 1.0;
				PRODUCT_BUNDLE_IDENTIFIER = Maksymilian.lesson6Tests;
				PRODUCT_NAME = "$(TARGET_NAME)";
				SWIFT_EMIT_LOC_STRINGS = NO;
				SWIFT_VERSION = 5.0;
				TARGETED_DEVICE_FAMILY = "1,2";
				TEST_HOST = "$(BUILT_PRODUCTS_DIR)/lesson6.app/lesson6";
			};
			name = Release;
		};
		29EEEEAA2874220F0096278E /* Debug */ = {
			isa = XCBuildConfiguration;
			buildSettings = {
				ALWAYS_EMBED_SWIFT_STANDARD_LIBRARIES = YES;
				CODE_SIGN_STYLE = Automatic;
				CURRENT_PROJECT_VERSION = 1;
				GENERATE_INFOPLIST_FILE = YES;
				MARKETING_VERSION = 1.0;
				PRODUCT_BUNDLE_IDENTIFIER = Maksymilian.lesson6UITests;
				PRODUCT_NAME = "$(TARGET_NAME)";
				SWIFT_EMIT_LOC_STRINGS = NO;
				SWIFT_VERSION = 5.0;
				TARGETED_DEVICE_FAMILY = "1,2";
				TEST_TARGET_NAME = lesson6;
			};
			name = Debug;
		};
		29EEEEAB2874220F0096278E /* Release */ = {
			isa = XCBuildConfiguration;
			buildSettings = {
				ALWAYS_EMBED_SWIFT_STANDARD_LIBRARIES = YES;
				CODE_SIGN_STYLE = Automatic;
				CURRENT_PROJECT_VERSION = 1;
				GENERATE_INFOPLIST_FILE = YES;
				MARKETING_VERSION = 1.0;
				PRODUCT_BUNDLE_IDENTIFIER = Maksymilian.lesson6UITests;
				PRODUCT_NAME = "$(TARGET_NAME)";
				SWIFT_EMIT_LOC_STRINGS = NO;
				SWIFT_VERSION = 5.0;
				TARGETED_DEVICE_FAMILY = "1,2";
				TEST_TARGET_NAME = lesson6;
			};
			name = Release;
		};
/* End XCBuildConfiguration section */

/* Begin XCConfigurationList section */
		29EEEE7A2874220B0096278E /* Build configuration list for PBXProject "lesson6" */ = {
			isa = XCConfigurationList;
			buildConfigurations = (
				29EEEEA12874220F0096278E /* Debug */,
				29EEEEA22874220F0096278E /* Release */,
			);
			defaultConfigurationIsVisible = 0;
			defaultConfigurationName = Release;
		};
		29EEEEA32874220F0096278E /* Build configuration list for PBXNativeTarget "lesson6" */ = {
			isa = XCConfigurationList;
			buildConfigurations = (
				29EEEEA42874220F0096278E /* Debug */,
				29EEEEA52874220F0096278E /* Release */,
			);
			defaultConfigurationIsVisible = 0;
			defaultConfigurationName = Release;
		};
		29EEEEA62874220F0096278E /* Build configuration list for PBXNativeTarget "lesson6Tests" */ = {
			isa = XCConfigurationList;
			buildConfigurations = (
				29EEEEA72874220F0096278E /* Debug */,
				29EEEEA82874220F0096278E /* Release */,
			);
			defaultConfigurationIsVisible = 0;
			defaultConfigurationName = Release;
		};
		29EEEEA92874220F0096278E /* Build configuration list for PBXNativeTarget "lesson6UITests" */ = {
			isa = XCConfigurationList;
			buildConfigurations = (
				29EEEEAA2874220F0096278E /* Debug */,
				29EEEEAB2874220F0096278E /* Release */,
			);
			defaultConfigurationIsVisible = 0;
			defaultConfigurationName = Release;
		};
/* End XCConfigurationList section */
	};
	rootObject = 29EEEE772874220B0096278E /* Project object */;
}
